
Microsoft Visual Studio Solution File, Format Version 12.00
# Visual Studio 15
VisualStudioVersion = 15.0.27428.2015
MinimumVisualStudioVersion = 10.0.40219.1
Project("{FAE04EC0-301F-11D3-BF4B-00C04F79EFBC}") = "CSharp_Tut", "CSharp_Tut\CSharp_Tut.csproj", "{1397E34E-FD9C-43A2-AA82-A92EAA7FF567}"
EndProject
Global
	GlobalSection(SolutionConfigurationPlatforms) = preSolution
		Debug|Any CPU = Debug|Any CPU
		Release|Any CPU = Release|Any CPU
	EndGlobalSection
	GlobalSection(ProjectConfigurationPlatforms) = postSolution
		{1397E34E-FD9C-43A2-AA82-A92EAA7FF567}.Debug|Any CPU.ActiveCfg = Debug|Any CPU
		{1397E34E-FD9C-43A2-AA82-A92EAA7FF567}.Debug|Any CPU.Build.0 = Debug|Any CPU
		{1397E34E-FD9C-43A2-AA82-A92EAA7FF567}.Release|Any CPU.ActiveCfg = Release|Any CPU
		{1397E34E-FD9C-43A2-AA82-A92EAA7FF567}.Release|Any CPU.Build.0 = Release|Any CPU
	EndGlobalSection
	GlobalSection(SolutionProperties) = preSolution
		HideSolutionNode = FALSE
	EndGlobalSection
	GlobalSection(ExtensibilityGlobals) = postSolution
		SolutionGuid = {D0DDCCA2-28EC-48F6-8D25-8DC8053C996C}
	EndGlobalSection
EndGlobal
